
Microsoft Visual Studio Solution File, Format Version 12.00
# Visual Studio Version 17
VisualStudioVersion = 17.6.33712.159
MinimumVisualStudioVersion = 10.0.40219.1
Project("{FAE04EC0-301F-11D3-BF4B-00C04F79EFBC}") = "ITSCRUD", "ITSCRUD\ITSCRUD.csproj", "{4E964926-4DD6-47FA-ADA9-510775D9E8CA}"
EndProject
Global
	GlobalSection(SolutionConfigurationPlatforms) = preSolution
		Debug|Any CPU = Debug|Any CPU
		Release|Any CPU = Release|Any CPU
	EndGlobalSection
	GlobalSection(ProjectConfigurationPlatforms) = postSolution
		{4E964926-4DD6-47FA-ADA9-510775D9E8CA}.Debug|Any CPU.ActiveCfg = Debug|Any CPU
		{4E964926-4DD6-47FA-ADA9-510775D9E8CA}.Debug|Any CPU.Build.0 = Debug|Any CPU
		{4E964926-4DD6-47FA-ADA9-510775D9E8CA}.Release|Any CPU.ActiveCfg = Release|Any CPU
		{4E964926-4DD6-47FA-ADA9-510775D9E8CA}.Release|Any CPU.Build.0 = Release|Any CPU
	EndGlobalSection
	GlobalSection(SolutionProperties) = preSolution
		HideSolutionNode = FALSE
	EndGlobalSection
	GlobalSection(ExtensibilityGlobals) = postSolution
		SolutionGuid = {4CA11B1B-F438-4CCB-8CB7-663B44DD6AD2}
	EndGlobalSection
EndGlobal
